// !$*UTF8*$!
{
	archiveVersion = 1;
	classes = {
	};
	objectVersion = 56;
	objects = {

/* Begin PBXBuildFile section */
		06EFC02F2AE96AAB00BDAF1D /* FinFeatherApp.swift in Sources */ = {isa = PBXBuildFile; fileRef = 06EFC02E2AE96AAB00BDAF1D /* FinFeatherApp.swift */; };
		06EFC0312AE96AAB00BDAF1D /* ContentView.swift in Sources */ = {isa = PBXBuildFile; fileRef = 06EFC0302AE96AAB00BDAF1D /* ContentView.swift */; };
		06EFC0332AE96AAB00BDAF1D /* Item.swift in Sources */ = {isa = PBXBuildFile; fileRef = 06EFC0322AE96AAB00BDAF1D /* Item.swift */; };
		06EFC0352AE96AAC00BDAF1D /* Assets.xcassets in Resources */ = {isa = PBXBuildFile; fileRef = 06EFC0342AE96AAC00BDAF1D /* Assets.xcassets */; };
		06EFC0392AE96AAC00BDAF1D /* Preview Assets.xcassets in Resources */ = {isa = PBXBuildFile; fileRef = 06EFC0382AE96AAC00BDAF1D /* Preview Assets.xcassets */; };
		06EFC0442AE96AAC00BDAF1D /* FinFeatherTests.swift in Sources */ = {isa = PBXBuildFile; fileRef = 06EFC0432AE96AAC00BDAF1D /* FinFeatherTests.swift */; };
		06EFC04E2AE96AAC00BDAF1D /* FinFeatherUITests.swift in Sources */ = {isa = PBXBuildFile; fileRef = 06EFC04D2AE96AAC00BDAF1D /* FinFeatherUITests.swift */; };
		06EFC0502AE96AAC00BDAF1D /* FinFeatherUITestsLaunchTests.swift in Sources */ = {isa = PBXBuildFile; fileRef = 06EFC04F2AE96AAC00BDAF1D /* FinFeatherUITestsLaunchTests.swift */; };
/* End PBXBuildFile section */

/* Begin PBXContainerItemProxy section */
		06EFC0402AE96AAC00BDAF1D /* PBXContainerItemProxy */ = {
			isa = PBXContainerItemProxy;
			containerPortal = 06EFC0232AE96AAB00BDAF1D /* Project object */;
			proxyType = 1;
			remoteGlobalIDString = 06EFC02A2AE96AAB00BDAF1D;
			remoteInfo = FinFeather;
		};
		06EFC04A2AE96AAC00BDAF1D /* PBXContainerItemProxy */ = {
			isa = PBXContainerItemProxy;
			containerPortal = 06EFC0232AE96AAB00BDAF1D /* Project object */;
			proxyType = 1;
			remoteGlobalIDString = 06EFC02A2AE96AAB00BDAF1D;
			remoteInfo = FinFeather;
		};
/* End PBXContainerItemProxy section */

/* Begin PBXFileReference section */
		06EFC02B2AE96AAB00BDAF1D /* FinFeather.app */ = {isa = PBXFileReference; explicitFileType = wrapper.application; includeInIndex = 0; path = FinFeather.app; sourceTree = BUILT_PRODUCTS_DIR; };
		06EFC02E2AE96AAB00BDAF1D /* FinFeatherApp.swift */ = {isa = PBXFileReference; lastKnownFileType = sourcecode.swift; path = FinFeatherApp.swift; sourceTree = "<group>"; };
		06EFC0302AE96AAB00BDAF1D /* ContentView.swift */ = {isa = PBXFileReference; lastKnownFileType = sourcecode.swift; path = ContentView.swift; sourceTree = "<group>"; };
		06EFC0322AE96AAB00BDAF1D /* Item.swift */ = {isa = PBXFileReference; lastKnownFileType = sourcecode.swift; path = Item.swift; sourceTree = "<group>"; };
		06EFC0342AE96AAC00BDAF1D /* Assets.xcassets */ = {isa = PBXFileReference; lastKnownFileType = folder.assetcatalog; path = Assets.xcassets; sourceTree = "<group>"; };
		06EFC0362AE96AAC00BDAF1D /* FinFeather.entitlements */ = {isa = PBXFileReference; lastKnownFileType = text.plist.entitlements; path = FinFeather.entitlements; sourceTree = "<group>"; };
		06EFC0382AE96AAC00BDAF1D /* Preview Assets.xcassets */ = {isa = PBXFileReference; lastKnownFileType = folder.assetcatalog; path = "Preview Assets.xcassets"; sourceTree = "<group>"; };
		06EFC03A2AE96AAC00BDAF1D /* Info.plist */ = {isa = PBXFileReference; lastKnownFileType = text.plist.xml; path = Info.plist; sourceTree = "<group>"; };
		06EFC03F2AE96AAC00BDAF1D /* FinFeatherTests.xctest */ = {isa = PBXFileReference; explicitFileType = wrapper.cfbundle; includeInIndex = 0; path = FinFeatherTests.xctest; sourceTree = BUILT_PRODUCTS_DIR; };
		06EFC0432AE96AAC00BDAF1D /* FinFeatherTests.swift */ = {isa = PBXFileReference; lastKnownFileType = sourcecode.swift; path = FinFeatherTests.swift; sourceTree = "<group>"; };
		06EFC0492AE96AAC00BDAF1D /* FinFeatherUITests.xctest */ = {isa = PBXFileReference; explicitFileType = wrapper.cfbundle; includeInIndex = 0; path = FinFeatherUITests.xctest; sourceTree = BUILT_PRODUCTS_DIR; };
		06EFC04D2AE96AAC00BDAF1D /* FinFeatherUITests.swift */ = {isa = PBXFileReference; lastKnownFileType = sourcecode.swift; path = FinFeatherUITests.swift; sourceTree = "<group>"; };
		06EFC04F2AE96AAC00BDAF1D /* FinFeatherUITestsLaunchTests.swift */ = {isa = PBXFileReference; lastKnownFileType = sourcecode.swift; path = FinFeatherUITestsLaunchTests.swift; sourceTree = "<group>"; };
/* End PBXFileReference section */

/* Begin PBXFrameworksBuildPhase section */
		06EFC0282AE96AAB00BDAF1D /* Frameworks */ = {
			isa = PBXFrameworksBuildPhase;
			buildActionMask = 2147483647;
			files = (
			);
			runOnlyForDeploymentPostprocessing = 0;
		};
		06EFC03C2AE96AAC00BDAF1D /* Frameworks */ = {
			isa = PBXFrameworksBuildPhase;
			buildActionMask = 2147483647;
			files = (
			);
			runOnlyForDeploymentPostprocessing = 0;
		};
		06EFC0462AE96AAC00BDAF1D /* Frameworks */ = {
			isa = PBXFrameworksBuildPhase;
			buildActionMask = 2147483647;
			files = (
			);
			runOnlyForDeploymentPostprocessing = 0;
		};
/* End PBXFrameworksBuildPhase section */

/* Begin PBXGroup section */
		06EFC0222AE96AAB00BDAF1D = {
			isa = PBXGroup;
			children = (
				06EFC02D2AE96AAB00BDAF1D /* FinFeather */,
				06EFC0422AE96AAC00BDAF1D /* FinFeatherTests */,
				06EFC04C2AE96AAC00BDAF1D /* FinFeatherUITests */,
				06EFC02C2AE96AAB00BDAF1D /* Products */,
			);
			sourceTree = "<group>";
		};
		06EFC02C2AE96AAB00BDAF1D /* Products */ = {
			isa = PBXGroup;
			children = (
				06EFC02B2AE96AAB00BDAF1D /* FinFeather.app */,
				06EFC03F2AE96AAC00BDAF1D /* FinFeatherTests.xctest */,
				06EFC0492AE96AAC00BDAF1D /* FinFeatherUITests.xctest */,
			);
			name = Products;
			sourceTree = "<group>";
		};
		06EFC02D2AE96AAB00BDAF1D /* FinFeather */ = {
			isa = PBXGroup;
			children = (
				06EFC02E2AE96AAB00BDAF1D /* FinFeatherApp.swift */,
				06EFC0302AE96AAB00BDAF1D /* ContentView.swift */,
				06EFC0322AE96AAB00BDAF1D /* Item.swift */,
				06EFC0342AE96AAC00BDAF1D /* Assets.xcassets */,
				06EFC0362AE96AAC00BDAF1D /* FinFeather.entitlements */,
				06EFC03A2AE96AAC00BDAF1D /* Info.plist */,
				06EFC0372AE96AAC00BDAF1D /* Preview Content */,
			);
			path = FinFeather;
			sourceTree = "<group>";
		};
		06EFC0372AE96AAC00BDAF1D /* Preview Content */ = {
			isa = PBXGroup;
			children = (
				06EFC0382AE96AAC00BDAF1D /* Preview Assets.xcassets */,
			);
			path = "Preview Content";
			sourceTree = "<group>";
		};
		06EFC0422AE96AAC00BDAF1D /* FinFeatherTests */ = {
			isa = PBXGroup;
			children = (
				06EFC0432AE96AAC00BDAF1D /* FinFeatherTests.swift */,
			);
			path = FinFeatherTests;
			sourceTree = "<group>";
		};
		06EFC04C2AE96AAC00BDAF1D /* FinFeatherUITests */ = {
			isa = PBXGroup;
			children = (
				06EFC04D2AE96AAC00BDAF1D /* FinFeatherUITests.swift */,
				06EFC04F2AE96AAC00BDAF1D /* FinFeatherUITestsLaunchTests.swift */,
			);
			path = FinFeatherUITests;
			sourceTree = "<group>";
		};
/* End PBXGroup section */

/* Begin PBXNativeTarget section */
		06EFC02A2AE96AAB00BDAF1D /* FinFeather */ = {
			isa = PBXNativeTarget;
			buildConfigurationList = 06EFC0532AE96AAC00BDAF1D /* Build configuration list for PBXNativeTarget "FinFeather" */;
			buildPhases = (
				06EFC0272AE96AAB00BDAF1D /* Sources */,
				06EFC0282AE96AAB00BDAF1D /* Frameworks */,
				06EFC0292AE96AAB00BDAF1D /* Resources */,
			);
			buildRules = (
			);
			dependencies = (
			);
			name = FinFeather;
			productName = FinFeather;
			productReference = 06EFC02B2AE96AAB00BDAF1D /* FinFeather.app */;
			productType = "com.apple.product-type.application";
		};
		06EFC03E2AE96AAC00BDAF1D /* FinFeatherTests */ = {
			isa = PBXNativeTarget;
			buildConfigurationList = 06EFC0562AE96AAC00BDAF1D /* Build configuration list for PBXNativeTarget "FinFeatherTests" */;
			buildPhases = (
				06EFC03B2AE96AAC00BDAF1D /* Sources */,
				06EFC03C2AE96AAC00BDAF1D /* Frameworks */,
				06EFC03D2AE96AAC00BDAF1D /* Resources */,
			);
			buildRules = (
			);
			dependencies = (
				06EFC0412AE96AAC00BDAF1D /* PBXTargetDependency */,
			);
			name = FinFeatherTests;
			productName = FinFeatherTests;
			productReference = 06EFC03F2AE96AAC00BDAF1D /* FinFeatherTests.xctest */;
			productType = "com.apple.product-type.bundle.unit-test";
		};
		06EFC0482AE96AAC00BDAF1D /* FinFeatherUITests */ = {
			isa = PBXNativeTarget;
			buildConfigurationList = 06EFC0592AE96AAC00BDAF1D /* Build configuration list for PBXNativeTarget "FinFeatherUITests" */;
			buildPhases = (
				06EFC0452AE96AAC00BDAF1D /* Sources */,
				06EFC0462AE96AAC00BDAF1D /* Frameworks */,
				06EFC0472AE96AAC00BDAF1D /* Resources */,
			);
			buildRules = (
			);
			dependencies = (
				06EFC04B2AE96AAC00BDAF1D /* PBXTargetDependency */,
			);
			name = FinFeatherUITests;
			productName = FinFeatherUITests;
			productReference = 06EFC0492AE96AAC00BDAF1D /* FinFeatherUITests.xctest */;
			productType = "com.apple.product-type.bundle.ui-testing";
		};
/* End PBXNativeTarget section */

/* Begin PBXProject section */
		06EFC0232AE96AAB00BDAF1D /* Project object */ = {
			isa = PBXProject;
			attributes = {
				BuildIndependentTargetsInParallel = 1;
				LastSwiftUpdateCheck = 1500;
				LastUpgradeCheck = 1500;
				TargetAttributes = {
					06EFC02A2AE96AAB00BDAF1D = {
						CreatedOnToolsVersion = 15.0.1;
					};
					06EFC03E2AE96AAC00BDAF1D = {
						CreatedOnToolsVersion = 15.0.1;
						TestTargetID = 06EFC02A2AE96AAB00BDAF1D;
					};
					06EFC0482AE96AAC00BDAF1D = {
						CreatedOnToolsVersion = 15.0.1;
						TestTargetID = 06EFC02A2AE96AAB00BDAF1D;
					};
				};
			};
			buildConfigurationList = 06EFC0262AE96AAB00BDAF1D /* Build configuration list for PBXProject "FinFeather" */;
			compatibilityVersion = "Xcode 14.0";
			developmentRegion = en;
			hasScannedForEncodings = 0;
			knownRegions = (
				en,
				Base,
			);
			mainGroup = 06EFC0222AE96AAB00BDAF1D;
			productRefGroup = 06EFC02C2AE96AAB00BDAF1D /* Products */;
			projectDirPath = "";
			projectRoot = "";
			targets = (
				06EFC02A2AE96AAB00BDAF1D /* FinFeather */,
				06EFC03E2AE96AAC00BDAF1D /* FinFeatherTests */,
				06EFC0482AE96AAC00BDAF1D /* FinFeatherUITests */,
			);
		};
/* End PBXProject section */

/* Begin PBXResourcesBuildPhase section */
		06EFC0292AE96AAB00BDAF1D /* Resources */ = {
			isa = PBXResourcesBuildPhase;
			buildActionMask = 2147483647;
			files = (
				06EFC0392AE96AAC00BDAF1D /* Preview Assets.xcassets in Resources */,
				06EFC0352AE96AAC00BDAF1D /* Assets.xcassets in Resources */,
			);
			runOnlyForDeploymentPostprocessing = 0;
		};
		06EFC03D2AE96AAC00BDAF1D /* Resources */ = {
			isa = PBXResourcesBuildPhase;
			buildActionMask = 2147483647;
			files = (
			);
			runOnlyForDeploymentPostprocessing = 0;
		};
		06EFC0472AE96AAC00BDAF1D /* Resources */ = {
			isa = PBXResourcesBuildPhase;
			buildActionMask = 2147483647;
			files = (
			);
			runOnlyForDeploymentPostprocessing = 0;
		};
/* End PBXResourcesBuildPhase section */

/* Begin PBXSourcesBuildPhase section */
		06EFC0272AE96AAB00BDAF1D /* Sources */ = {
			isa = PBXSourcesBuildPhase;
			buildActionMask = 2147483647;
			files = (
				06EFC0312AE96AAB00BDAF1D /* ContentView.swift in Sources */,
				06EFC0332AE96AAB00BDAF1D /* Item.swift in Sources */,
				06EFC02F2AE96AAB00BDAF1D /* FinFeatherApp.swift in Sources */,
			);
			runOnlyForDeploymentPostprocessing = 0;
		};
		06EFC03B2AE96AAC00BDAF1D /* Sources */ = {
			isa = PBXSourcesBuildPhase;
			buildActionMask = 2147483647;
			files = (
				06EFC0442AE96AAC00BDAF1D /* FinFeatherTests.swift in Sources */,
			);
			runOnlyForDeploymentPostprocessing = 0;
		};
		06EFC0452AE96AAC00BDAF1D /* Sources */ = {
			isa = PBXSourcesBuildPhase;
			buildActionMask = 2147483647;
			files = (
				06EFC0502AE96AAC00BDAF1D /* FinFeatherUITestsLaunchTests.swift in Sources */,
				06EFC04E2AE96AAC00BDAF1D /* FinFeatherUITests.swift in Sources */,
			);
			runOnlyForDeploymentPostprocessing = 0;
		};
/* End PBXSourcesBuildPhase section */

/* Begin PBXTargetDependency section */
		06EFC0412AE96AAC00BDAF1D /* PBXTargetDependency */ = {
			isa = PBXTargetDependency;
			target = 06EFC02A2AE96AAB00BDAF1D /* FinFeather */;
			targetProxy = 06EFC0402AE96AAC00BDAF1D /* PBXContainerItemProxy */;
		};
		06EFC04B2AE96AAC00BDAF1D /* PBXTargetDependency */ = {
			isa = PBXTargetDependency;
			target = 06EFC02A2AE96AAB00BDAF1D /* FinFeather */;
			targetProxy = 06EFC04A2AE96AAC00BDAF1D /* PBXContainerItemProxy */;
		};
/* End PBXTargetDependency section */

/* Begin XCBuildConfiguration section */
		06EFC0512AE96AAC00BDAF1D /* Debug */ = {
			isa = XCBuildConfiguration;
			buildSettings = {
				ALWAYS_SEARCH_USER_PATHS = NO;
				ASSETCATALOG_COMPILER_GENERATE_SWIFT_ASSET_SYMBOL_EXTENSIONS = YES;
				CLANG_ANALYZER_NONNULL = YES;
				CLANG_ANALYZER_NUMBER_OBJECT_CONVERSION = YES_AGGRESSIVE;
				CLANG_CXX_LANGUAGE_STANDARD = "gnu++20";
				CLANG_ENABLE_MODULES = YES;
				CLANG_ENABLE_OBJC_ARC = YES;
				CLANG_ENABLE_OBJC_WEAK = YES;
				CLANG_WARN_BLOCK_CAPTURE_AUTORELEASING = YES;
				CLANG_WARN_BOOL_CONVERSION = YES;
				CLANG_WARN_COMMA = YES;
				CLANG_WARN_CONSTANT_CONVERSION = YES;
				CLANG_WARN_DEPRECATED_OBJC_IMPLEMENTATIONS = YES;
				CLANG_WARN_DIRECT_OBJC_ISA_USAGE = YES_ERROR;
				CLANG_WARN_DOCUMENTATION_COMMENTS = YES;
				CLANG_WARN_EMPTY_BODY = YES;
				CLANG_WARN_ENUM_CONVERSION = YES;
				CLANG_WARN_INFINITE_RECURSION = YES;
				CLANG_WARN_INT_CONVERSION = YES;
				CLANG_WARN_NON_LITERAL_NULL_CONVERSION = YES;
				CLANG_WARN_OBJC_IMPLICIT_RETAIN_SELF = YES;
				CLANG_WARN_OBJC_LITERAL_CONVERSION = YES;
				CLANG_WARN_OBJC_ROOT_CLASS = YES_ERROR;
				CLANG_WARN_QUOTED_INCLUDE_IN_FRAMEWORK_HEADER = YES;
				CLANG_WARN_RANGE_LOOP_ANALYSIS = YES;
				CLANG_WARN_STRICT_PROTOTYPES = YES;
				CLANG_WARN_SUSPICIOUS_MOVE = YES;
				CLANG_WARN_UNGUARDED_AVAILABILITY = YES_AGGRESSIVE;
				CLANG_WARN_UNREACHABLE_CODE = YES;
				CLANG_WARN__DUPLICATE_METHOD_MATCH = YES;
				COPY_PHASE_STRIP = NO;
				DEBUG_INFORMATION_FORMAT = dwarf;
				ENABLE_STRICT_OBJC_MSGSEND = YES;
				ENABLE_TESTABILITY = YES;
				ENABLE_USER_SCRIPT_SANDBOXING = YES;
				GCC_C_LANGUAGE_STANDARD = gnu17;
				GCC_DYNAMIC_NO_PIC = NO;
				GCC_NO_COMMON_BLOCKS = YES;
				GCC_OPTIMIZATION_LEVEL = 0;
				GCC_PREPROCESSOR_DEFINITIONS = (
					"DEBUG=1",
					"$(inherited)",
				);
				GCC_WARN_64_TO_32_BIT_CONVERSION = YES;
				GCC_WARN_ABOUT_RETURN_TYPE = YES_ERROR;
				GCC_WARN_UNDECLARED_SELECTOR = YES;
				GCC_WARN_UNINITIALIZED_AUTOS = YES_AGGRESSIVE;
				GCC_WARN_UNUSED_FUNCTION = YES;
				GCC_WARN_UNUSED_VARIABLE = YES;
				LOCALIZATION_PREFERS_STRING_CATALOGS = YES;
				MTL_ENABLE_DEBUG_INFO = INCLUDE_SOURCE;
				MTL_FAST_MATH = YES;
				ONLY_ACTIVE_ARCH = YES;
				SWIFT_ACTIVE_COMPILATION_CONDITIONS = "DEBUG $(inherited)";
				SWIFT_OPTIMIZATION_LEVEL = "-Onone";
			};
			name = Debug;
		};
		06EFC0522AE96AAC00BDAF1D /* Release */ = {
			isa = XCBuildConfiguration;
			buildSettings = {
				ALWAYS_SEARCH_USER_PATHS = NO;
				ASSETCATALOG_COMPILER_GENERATE_SWIFT_ASSET_SYMBOL_EXTENSIONS = YES;
				CLANG_ANALYZER_NONNULL = YES;
				CLANG_ANALYZER_NUMBER_OBJECT_CONVERSION = YES_AGGRESSIVE;
				CLANG_CXX_LANGUAGE_STANDARD = "gnu++20";
				CLANG_ENABLE_MODULES = YES;
				CLANG_ENABLE_OBJC_ARC = YES;
				CLANG_ENABLE_OBJC_WEAK = YES;
				CLANG_WARN_BLOCK_CAPTURE_AUTORELEASING = YES;
				CLANG_WARN_BOOL_CONVERSION = YES;
				CLANG_WARN_COMMA = YES;
				CLANG_WARN_CONSTANT_CONVERSION = YES;
				CLANG_WARN_DEPRECATED_OBJC_IMPLEMENTATIONS = YES;
				CLANG_WARN_DIRECT_OBJC_ISA_USAGE = YES_ERROR;
				CLANG_WARN_DOCUMENTATION_COMMENTS = YES;
				CLANG_WARN_EMPTY_BODY = YES;
				CLANG_WARN_ENUM_CONVERSION = YES;
				CLANG_WARN_INFINITE_RECURSION = YES;
				CLANG_WARN_INT_CONVERSION = YES;
				CLANG_WARN_NON_LITERAL_NULL_CONVERSION = YES;
				CLANG_WARN_OBJC_IMPLICIT_RETAIN_SELF = YES;
				CLANG_WARN_OBJC_LITERAL_CONVERSION = YES;
				CLANG_WARN_OBJC_ROOT_CLASS = YES_ERROR;
				CLANG_WARN_QUOTED_INCLUDE_IN_FRAMEWORK_HEADER = YES;
				CLANG_WARN_RANGE_LOOP_ANALYSIS = YES;
				CLANG_WARN_STRICT_PROTOTYPES = YES;
				CLANG_WARN_SUSPICIOUS_MOVE = YES;
				CLANG_WARN_UNGUARDED_AVAILABILITY = YES_AGGRESSIVE;
				CLANG_WARN_UNREACHABLE_CODE = YES;
				CLANG_WARN__DUPLICATE_METHOD_MATCH = YES;
				COPY_PHASE_STRIP = NO;
				DEBUG_INFORMATION_FORMAT = "dwarf-with-dsym";
				ENABLE_NS_ASSERTIONS = NO;
				ENABLE_STRICT_OBJC_MSGSEND = YES;
				ENABLE_USER_SCRIPT_SANDBOXING = YES;
				GCC_C_LANGUAGE_STANDARD = gnu17;
				GCC_NO_COMMON_BLOCKS = YES;
				GCC_WARN_64_TO_32_BIT_CONVERSION = YES;
				GCC_WARN_ABOUT_RETURN_TYPE = YES_ERROR;
				GCC_WARN_UNDECLARED_SELECTOR = YES;
				GCC_WARN_UNINITIALIZED_AUTOS = YES_AGGRESSIVE;
				GCC_WARN_UNUSED_FUNCTION = YES;
				GCC_WARN_UNUSED_VARIABLE = YES;
				LOCALIZATION_PREFERS_STRING_CATALOGS = YES;
				MTL_ENABLE_DEBUG_INFO = NO;
				MTL_FAST_MATH = YES;
				SWIFT_COMPILATION_MODE = wholemodule;
			};
			name = Release;
		};
		06EFC0542AE96AAC00BDAF1D /* Debug */ = {
			isa = XCBuildConfiguration;
			buildSettings = {
				ASSETCATALOG_COMPILER_APPICON_NAME = AppIcon;
				ASSETCATALOG_COMPILER_GLOBAL_ACCENT_COLOR_NAME = AccentColor;
				ASSETCATALOG_COMPILER_INCLUDE_ALL_APPICON_ASSETS = NO;
				CODE_SIGN_ENTITLEMENTS = FinFeather/FinFeather.entitlements;
				CODE_SIGN_IDENTITY = "Apple Development";
				CODE_SIGN_STYLE = Automatic;
				CURRENT_PROJECT_VERSION = 1;
				DEVELOPMENT_ASSET_PATHS = "\"FinFeather/Preview Content\"";
				DEVELOPMENT_TEAM = 2ZK2BA5X87;
				ENABLE_HARDENED_RUNTIME = YES;
				ENABLE_PREVIEWS = YES;
				GENERATE_INFOPLIST_FILE = YES;
				INFOPLIST_FILE = FinFeather/Info.plist;
				INFOPLIST_KEY_CFBundleDisplayName = FinFeather;
				INFOPLIST_KEY_LSApplicationCategoryType = "public.app-category.finance";
				"INFOPLIST_KEY_UIApplicationSceneManifest_Generation[sdk=iphoneos*]" = YES;
				"INFOPLIST_KEY_UIApplicationSceneManifest_Generation[sdk=iphonesimulator*]" = YES;
				"INFOPLIST_KEY_UIApplicationSupportsIndirectInputEvents[sdk=iphoneos*]" = YES;
				"INFOPLIST_KEY_UIApplicationSupportsIndirectInputEvents[sdk=iphonesimulator*]" = YES;
				"INFOPLIST_KEY_UILaunchScreen_Generation[sdk=iphoneos*]" = YES;
				"INFOPLIST_KEY_UILaunchScreen_Generation[sdk=iphonesimulator*]" = YES;
				"INFOPLIST_KEY_UIStatusBarStyle[sdk=iphoneos*]" = UIStatusBarStyleDefault;
				"INFOPLIST_KEY_UIStatusBarStyle[sdk=iphonesimulator*]" = UIStatusBarStyleDefault;
				INFOPLIST_KEY_UISupportedInterfaceOrientations_iPad = "UIInterfaceOrientationPortrait UIInterfaceOrientationPortraitUpsideDown UIInterfaceOrientationLandscapeLeft UIInterfaceOrientationLandscapeRight";
				INFOPLIST_KEY_UISupportedInterfaceOrientations_iPhone = "UIInterfaceOrientationPortrait UIInterfaceOrientationLandscapeLeft UIInterfaceOrientationLandscapeRight";
				IPHONEOS_DEPLOYMENT_TARGET = 17.0;
				LD_RUNPATH_SEARCH_PATHS = "@executable_path/Frameworks";
				"LD_RUNPATH_SEARCH_PATHS[sdk=macosx*]" = "@executable_path/../Frameworks";
				MACOSX_DEPLOYMENT_TARGET = 14.0;
				MARKETING_VERSION = 1.0;
				PRODUCT_BUNDLE_IDENTIFIER = com.yantsybaiev.dmytro.FinFeather;
				PRODUCT_NAME = "$(TARGET_NAME)";
				PROVISIONING_PROFILE_SPECIFIER = "";
				SDKROOT = auto;
				SUPPORTED_PLATFORMS = "iphoneos iphonesimulator macosx";
				SWIFT_EMIT_LOC_STRINGS = YES;
				SWIFT_VERSION = 5.0;
				TARGETED_DEVICE_FAMILY = "1,2";
			};
			name = Debug;
		};
		06EFC0552AE96AAC00BDAF1D /* Release */ = {
			isa = XCBuildConfiguration;
			buildSettings = {
				ASSETCATALOG_COMPILER_APPICON_NAME = AppIcon;
				ASSETCATALOG_COMPILER_GLOBAL_ACCENT_COLOR_NAME = AccentColor;
				ASSETCATALOG_COMPILER_INCLUDE_ALL_APPICON_ASSETS = NO;
				CODE_SIGN_ENTITLEMENTS = FinFeather/FinFeather.entitlements;
				CODE_SIGN_IDENTITY = "Apple Development";
				CODE_SIGN_STYLE = Automatic;
				CURRENT_PROJECT_VERSION = 1;
				DEVELOPMENT_ASSET_PATHS = "\"FinFeather/Preview Content\"";
				DEVELOPMENT_TEAM = 2ZK2BA5X87;
				ENABLE_HARDENED_RUNTIME = YES;
				ENABLE_PREVIEWS = YES;
				GENERATE_INFOPLIST_FILE = YES;
				INFOPLIST_FILE = FinFeather/Info.plist;
				INFOPLIST_KEY_CFBundleDisplayName = FinFeather;
				INFOPLIST_KEY_LSApplicationCategoryType = "public.app-category.finance";
				"INFOPLIST_KEY_UIApplicationSceneManifest_Generation[sdk=iphoneos*]" = YES;
				"INFOPLIST_KEY_UIApplicationSceneManifest_Generation[sdk=iphonesimulator*]" = YES;
				"INFOPLIST_KEY_UIApplicationSupportsIndirectInputEvents[sdk=iphoneos*]" = YES;
				"INFOPLIST_KEY_UIApplicationSupportsIndirectInputEvents[sdk=iphonesimulator*]" = YES;
				"INFOPLIST_KEY_UILaunchScreen_Generation[sdk=iphoneos*]" = YES;
				"INFOPLIST_KEY_UILaunchScreen_Generation[sdk=iphonesimulator*]" = YES;
				"INFOPLIST_KEY_UIStatusBarStyle[sdk=iphoneos*]" = UIStatusBarStyleDefault;
				"INFOPLIST_KEY_UIStatusBarStyle[sdk=iphonesimulator*]" = UIStatusBarStyleDefault;
				INFOPLIST_KEY_UISupportedInterfaceOrientations_iPad = "UIInterfaceOrientationPortrait UIInterfaceOrientationPortraitUpsideDown UIInterfaceOrientationLandscapeLeft UIInterfaceOrientationLandscapeRight";
				INFOPLIST_KEY_UISupportedInterfaceOrientations_iPhone = "UIInterfaceOrientationPortrait UIInterfaceOrientationLandscapeLeft UIInterfaceOrientationLandscapeRight";
				IPHONEOS_DEPLOYMENT_TARGET = 17.0;
				LD_RUNPATH_SEARCH_PATHS = "@executable_path/Frameworks";
				"LD_RUNPATH_SEARCH_PATHS[sdk=macosx*]" = "@executable_path/../Frameworks";
				MACOSX_DEPLOYMENT_TARGET = 14.0;
				MARKETING_VERSION = 1.0;
				PRODUCT_BUNDLE_IDENTIFIER = com.yantsybaiev.dmytro.FinFeather;
				PRODUCT_NAME = "$(TARGET_NAME)";
				PROVISIONING_PROFILE_SPECIFIER = "";
				SDKROOT = auto;
				SUPPORTED_PLATFORMS = "iphoneos iphonesimulator macosx";
				SWIFT_EMIT_LOC_STRINGS = YES;
				SWIFT_VERSION = 5.0;
				TARGETED_DEVICE_FAMILY = "1,2";
			};
			name = Release;
		};
		06EFC0572AE96AAC00BDAF1D /* Debug */ = {
			isa = XCBuildConfiguration;
			buildSettings = {
				ALWAYS_EMBED_SWIFT_STANDARD_LIBRARIES = YES;
				BUNDLE_LOADER = "$(TEST_HOST)";
				CODE_SIGN_STYLE = Automatic;
				CURRENT_PROJECT_VERSION = 1;
				DEVELOPMENT_TEAM = 2ZK2BA5X87;
				GENERATE_INFOPLIST_FILE = YES;
				IPHONEOS_DEPLOYMENT_TARGET = 17.0;
				MACOSX_DEPLOYMENT_TARGET = 14.0;
				MARKETING_VERSION = 1.0;
				PRODUCT_BUNDLE_IDENTIFIER = com.yantsybaiev.dmytro.FinFeatherTests;
				PRODUCT_NAME = "$(TARGET_NAME)";
				SDKROOT = auto;
				SUPPORTED_PLATFORMS = "iphoneos iphonesimulator macosx";
				SWIFT_EMIT_LOC_STRINGS = NO;
				SWIFT_VERSION = 5.0;
				TARGETED_DEVICE_FAMILY = "1,2";
				TEST_HOST = "$(BUILT_PRODUCTS_DIR)/FinFeather.app/$(BUNDLE_EXECUTABLE_FOLDER_PATH)/FinFeather";
			};
			name = Debug;
		};
		06EFC0582AE96AAC00BDAF1D /* Release */ = {
			isa = XCBuildConfiguration;
			buildSettings = {
				ALWAYS_EMBED_SWIFT_STANDARD_LIBRARIES = YES;
				BUNDLE_LOADER = "$(TEST_HOST)";
				CODE_SIGN_STYLE = Automatic;
				CURRENT_PROJECT_VERSION = 1;
				DEVELOPMENT_TEAM = 2ZK2BA5X87;
				GENERATE_INFOPLIST_FILE = YES;
				IPHONEOS_DEPLOYMENT_TARGET = 17.0;
				MACOSX_DEPLOYMENT_TARGET = 14.0;
				MARKETING_VERSION = 1.0;
				PRODUCT_BUNDLE_IDENTIFIER = com.yantsybaiev.dmytro.FinFeatherTests;
				PRODUCT_NAME = "$(TARGET_NAME)";
				SDKROOT = auto;
				SUPPORTED_PLATFORMS = "iphoneos iphonesimulator macosx";
				SWIFT_EMIT_LOC_STRINGS = NO;
				SWIFT_VERSION = 5.0;
				TARGETED_DEVICE_FAMILY = "1,2";
				TEST_HOST = "$(BUILT_PRODUCTS_DIR)/FinFeather.app/$(BUNDLE_EXECUTABLE_FOLDER_PATH)/FinFeather";
			};
			name = Release;
		};
		06EFC05A2AE96AAC00BDAF1D /* Debug */ = {
			isa = XCBuildConfiguration;
			buildSettings = {
				ALWAYS_EMBED_SWIFT_STANDARD_LIBRARIES = YES;
				CODE_SIGN_STYLE = Automatic;
				CURRENT_PROJECT_VERSION = 1;
				DEVELOPMENT_TEAM = 2ZK2BA5X87;
				GENERATE_INFOPLIST_FILE = YES;
				IPHONEOS_DEPLOYMENT_TARGET = 17.0;
				MACOSX_DEPLOYMENT_TARGET = 14.0;
				MARKETING_VERSION = 1.0;
				PRODUCT_BUNDLE_IDENTIFIER = com.yantsybaiev.dmytro.FinFeatherUITests;
				PRODUCT_NAME = "$(TARGET_NAME)";
				SDKROOT = auto;
				SUPPORTED_PLATFORMS = "iphoneos iphonesimulator macosx";
				SWIFT_EMIT_LOC_STRINGS = NO;
				SWIFT_VERSION = 5.0;
				TARGETED_DEVICE_FAMILY = "1,2";
				TEST_TARGET_NAME = FinFeather;
			};
			name = Debug;
		};
		06EFC05B2AE96AAC00BDAF1D /* Release */ = {
			isa = XCBuildConfiguration;
			buildSettings = {
				ALWAYS_EMBED_SWIFT_STANDARD_LIBRARIES = YES;
				CODE_SIGN_STYLE = Automatic;
				CURRENT_PROJECT_VERSION = 1;
				DEVELOPMENT_TEAM = 2ZK2BA5X87;
				GENERATE_INFOPLIST_FILE = YES;
				IPHONEOS_DEPLOYMENT_TARGET = 17.0;
				MACOSX_DEPLOYMENT_TARGET = 14.0;
				MARKETING_VERSION = 1.0;
				PRODUCT_BUNDLE_IDENTIFIER = com.yantsybaiev.dmytro.FinFeatherUITests;
				PRODUCT_NAME = "$(TARGET_NAME)";
				SDKROOT = auto;
				SUPPORTED_PLATFORMS = "iphoneos iphonesimulator macosx";
				SWIFT_EMIT_LOC_STRINGS = NO;
				SWIFT_VERSION = 5.0;
				TARGETED_DEVICE_FAMILY = "1,2";
				TEST_TARGET_NAME = FinFeather;
			};
			name = Release;
		};
/* End XCBuildConfiguration section */

/* Begin XCConfigurationList section */
		06EFC0262AE96AAB00BDAF1D /* Build configuration list for PBXProject "FinFeather" */ = {
			isa = XCConfigurationList;
			buildConfigurations = (
				06EFC0512AE96AAC00BDAF1D /* Debug */,
				06EFC0522AE96AAC00BDAF1D /* Release */,
			);
			defaultConfigurationIsVisible = 0;
			defaultConfigurationName = Release;
		};
		06EFC0532AE96AAC00BDAF1D /* Build configuration list for PBXNativeTarget "FinFeather" */ = {
			isa = XCConfigurationList;
			buildConfigurations = (
				06EFC0542AE96AAC00BDAF1D /* Debug */,
				06EFC0552AE96AAC00BDAF1D /* Release */,
			);
			defaultConfigurationIsVisible = 0;
			defaultConfigurationName = Release;
		};
		06EFC0562AE96AAC00BDAF1D /* Build configuration list for PBXNativeTarget "FinFeatherTests" */ = {
			isa = XCConfigurationList;
			buildConfigurations = (
				06EFC0572AE96AAC00BDAF1D /* Debug */,
				06EFC0582AE96AAC00BDAF1D /* Release */,
			);
			defaultConfigurationIsVisible = 0;
			defaultConfigurationName = Release;
		};
		06EFC0592AE96AAC00BDAF1D /* Build configuration list for PBXNativeTarget "FinFeatherUITests" */ = {
			isa = XCConfigurationList;
			buildConfigurations = (
				06EFC05A2AE96AAC00BDAF1D /* Debug */,
				06EFC05B2AE96AAC00BDAF1D /* Release */,
			);
			defaultConfigurationIsVisible = 0;
			defaultConfigurationName = Release;
		};
/* End XCConfigurationList section */
	};
	rootObject = 06EFC0232AE96AAB00BDAF1D /* Project object */;
}
